// !$*UTF8*$!
{
	archiveVersion = 1;
	classes = {
	};
	objectVersion = 50;
	objects = {

/* Begin PBXBuildFile section */
		3330333E26378E5400714AA9 /* twoSwitches.swift in Sources */ = {isa = PBXBuildFile; fileRef = 3330333D26378E5400714AA9 /* twoSwitches.swift */; };
		33451EAA2638F49800A93FDF /* trainingCamp.swift in Sources */ = {isa = PBXBuildFile; fileRef = 33451EA92638F49800A93FDF /* trainingCamp.swift */; };
		33451EAC2638F81200A93FDF /* gridRepainting2.swift in Sources */ = {isa = PBXBuildFile; fileRef = 33451EAB2638F81200A93FDF /* gridRepainting2.swift */; };
		338743332633C53200B23611 /* rgb.swift in Sources */ = {isa = PBXBuildFile; fileRef = 338743322633C53200B23611 /* rgb.swift */; };
		3387433B2633C58900B23611 /* tool.swift in Sources */ = {isa = PBXBuildFile; fileRef = 3387433A2633C58900B23611 /* tool.swift */; };
		3387433E2633CAA800B23611 /* minesweeper.swift in Sources */ = {isa = PBXBuildFile; fileRef = 3387433D2633CAA800B23611 /* minesweeper.swift */; };
		338D4003263A38AB006934AB /* paintBall.swift in Sources */ = {isa = PBXBuildFile; fileRef = 338D4002263A38AB006934AB /* paintBall.swift */; };
		338D4005263A390F006934AB /* chooseIntegers.swift in Sources */ = {isa = PBXBuildFile; fileRef = 338D4004263A390F006934AB /* chooseIntegers.swift */; };
		338D4008263A3A1C006934AB /* dayDream.swift in Sources */ = {isa = PBXBuildFile; fileRef = 338D4007263A3A1C006934AB /* dayDream.swift */; };
		3391CFE2263B92BF00A2ED76 /* betweenAandB.swift in Sources */ = {isa = PBXBuildFile; fileRef = 3391CFE1263B92BF00A2ED76 /* betweenAandB.swift */; };
/* End PBXBuildFile section */

/* Begin PBXCopyFilesBuildPhase section */
		3387432D2633C53200B23611 /* CopyFiles */ = {
			isa = PBXCopyFilesBuildPhase;
			buildActionMask = 2147483647;
			dstPath = /usr/share/man/man1/;
			dstSubfolderSpec = 0;
			files = (
			);
			runOnlyForDeploymentPostprocessing = 1;
		};
/* End PBXCopyFilesBuildPhase section */

/* Begin PBXFileReference section */
		3330333D26378E5400714AA9 /* twoSwitches.swift */ = {isa = PBXFileReference; lastKnownFileType = sourcecode.swift; path = twoSwitches.swift; sourceTree = "<group>"; };
		33451EA92638F49800A93FDF /* trainingCamp.swift */ = {isa = PBXFileReference; lastKnownFileType = sourcecode.swift; path = trainingCamp.swift; sourceTree = "<group>"; };
		33451EAB2638F81200A93FDF /* gridRepainting2.swift */ = {isa = PBXFileReference; lastKnownFileType = sourcecode.swift; path = gridRepainting2.swift; sourceTree = "<group>"; };
		3387432F2633C53200B23611 /* 2021May */ = {isa = PBXFileReference; explicitFileType = "compiled.mach-o.executable"; includeInIndex = 0; path = 2021May; sourceTree = BUILT_PRODUCTS_DIR; };
		338743322633C53200B23611 /* rgb.swift */ = {isa = PBXFileReference; lastKnownFileType = sourcecode.swift; path = rgb.swift; sourceTree = "<group>"; };
		3387433A2633C58900B23611 /* tool.swift */ = {isa = PBXFileReference; fileEncoding = 4; lastKnownFileType = sourcecode.swift; path = tool.swift; sourceTree = "<group>"; };
		3387433D2633CAA800B23611 /* minesweeper.swift */ = {isa = PBXFileReference; lastKnownFileType = sourcecode.swift; path = minesweeper.swift; sourceTree = "<group>"; };
		338D4002263A38AB006934AB /* paintBall.swift */ = {isa = PBXFileReference; lastKnownFileType = sourcecode.swift; path = paintBall.swift; sourceTree = "<group>"; };
		338D4004263A390F006934AB /* chooseIntegers.swift */ = {isa = PBXFileReference; lastKnownFileType = sourcecode.swift; path = chooseIntegers.swift; sourceTree = "<group>"; };
		338D4007263A3A1C006934AB /* dayDream.swift */ = {isa = PBXFileReference; lastKnownFileType = sourcecode.swift; path = dayDream.swift; sourceTree = "<group>"; };
		3391CFE1263B92BF00A2ED76 /* betweenAandB.swift */ = {isa = PBXFileReference; lastKnownFileType = sourcecode.swift; path = betweenAandB.swift; sourceTree = "<group>"; };
/* End PBXFileReference section */

/* Begin PBXFrameworksBuildPhase section */
		3387432C2633C53200B23611 /* Frameworks */ = {
			isa = PBXFrameworksBuildPhase;
			buildActionMask = 2147483647;
			files = (
			);
			runOnlyForDeploymentPostprocessing = 0;
		};
/* End PBXFrameworksBuildPhase section */

/* Begin PBXGroup section */
		338743262633C53200B23611 = {
			isa = PBXGroup;
			children = (
				338743312633C53200B23611 /* 2021May */,
				338743302633C53200B23611 /* Products */,
			);
			sourceTree = "<group>";
		};
		338743302633C53200B23611 /* Products */ = {
			isa = PBXGroup;
			children = (
				3387432F2633C53200B23611 /* 2021May */,
			);
			name = Products;
			sourceTree = "<group>";
		};
		338743312633C53200B23611 /* 2021May */ = {
			isa = PBXGroup;
			children = (
				3387433A2633C58900B23611 /* tool.swift */,
				338743322633C53200B23611 /* rgb.swift */,
				3387433D2633CAA800B23611 /* minesweeper.swift */,
				3330333D26378E5400714AA9 /* twoSwitches.swift */,
				33451EA92638F49800A93FDF /* trainingCamp.swift */,
				338D4002263A38AB006934AB /* paintBall.swift */,
				338D4006263A39CB006934AB /* Thinking */,
			);
			path = 2021May;
			sourceTree = "<group>";
		};
		338D4006263A39CB006934AB /* Thinking */ = {
			isa = PBXGroup;
			children = (
				33451EAB2638F81200A93FDF /* gridRepainting2.swift */,
				338D4004263A390F006934AB /* chooseIntegers.swift */,
				338D4007263A3A1C006934AB /* dayDream.swift */,
				3391CFE1263B92BF00A2ED76 /* betweenAandB.swift */,
			);
			path = Thinking;
			sourceTree = "<group>";
		};
/* End PBXGroup section */

/* Begin PBXNativeTarget section */
		3387432E2633C53200B23611 /* 2021May */ = {
			isa = PBXNativeTarget;
			buildConfigurationList = 338743362633C53200B23611 /* Build configuration list for PBXNativeTarget "2021May" */;
			buildPhases = (
				3387432B2633C53200B23611 /* Sources */,
				3387432C2633C53200B23611 /* Frameworks */,
				3387432D2633C53200B23611 /* CopyFiles */,
			);
			buildRules = (
			);
			dependencies = (
			);
			name = 2021May;
			productName = 2021May;
			productReference = 3387432F2633C53200B23611 /* 2021May */;
			productType = "com.apple.product-type.tool";
		};
/* End PBXNativeTarget section */

/* Begin PBXProject section */
		338743272633C53200B23611 /* Project object */ = {
			isa = PBXProject;
			attributes = {
				LastSwiftUpdateCheck = 1240;
				LastUpgradeCheck = 1240;
				TargetAttributes = {
					3387432E2633C53200B23611 = {
						CreatedOnToolsVersion = 12.4;
					};
				};
			};
			buildConfigurationList = 3387432A2633C53200B23611 /* Build configuration list for PBXProject "2021May" */;
			compatibilityVersion = "Xcode 9.3";
			developmentRegion = en;
			hasScannedForEncodings = 0;
			knownRegions = (
				en,
				Base,
			);
			mainGroup = 338743262633C53200B23611;
			productRefGroup = 338743302633C53200B23611 /* Products */;
			projectDirPath = "";
			projectRoot = "";
			targets = (
				3387432E2633C53200B23611 /* 2021May */,
			);
		};
/* End PBXProject section */

/* Begin PBXSourcesBuildPhase section */
		3387432B2633C53200B23611 /* Sources */ = {
			isa = PBXSourcesBuildPhase;
			buildActionMask = 2147483647;
			files = (
				3330333E26378E5400714AA9 /* twoSwitches.swift in Sources */,
				338D4005263A390F006934AB /* chooseIntegers.swift in Sources */,
				33451EAC2638F81200A93FDF /* gridRepainting2.swift in Sources */,
				338743332633C53200B23611 /* rgb.swift in Sources */,
				3387433E2633CAA800B23611 /* minesweeper.swift in Sources */,
				338D4008263A3A1C006934AB /* dayDream.swift in Sources */,
				3387433B2633C58900B23611 /* tool.swift in Sources */,
				33451EAA2638F49800A93FDF /* trainingCamp.swift in Sources */,
				338D4003263A38AB006934AB /* paintBall.swift in Sources */,
				3391CFE2263B92BF00A2ED76 /* betweenAandB.swift in Sources */,
			);
			runOnlyForDeploymentPostprocessing = 0;
		};
/* End PBXSourcesBuildPhase section */

/* Begin XCBuildConfiguration section */
		338743342633C53200B23611 /* Debug */ = {
			isa = XCBuildConfiguration;
			buildSettings = {
				ALWAYS_SEARCH_USER_PATHS = NO;
				CLANG_ANALYZER_NONNULL = YES;
				CLANG_ANALYZER_NUMBER_OBJECT_CONVERSION = YES_AGGRESSIVE;
				CLANG_CXX_LANGUAGE_STANDARD = "gnu++14";
				CLANG_CXX_LIBRARY = "libc++";
				CLANG_ENABLE_MODULES = YES;
				CLANG_ENABLE_OBJC_ARC = YES;
				CLANG_ENABLE_OBJC_WEAK = YES;
				CLANG_WARN_BLOCK_CAPTURE_AUTORELEASING = YES;
				CLANG_WARN_BOOL_CONVERSION = YES;
				CLANG_WARN_COMMA = YES;
				CLANG_WARN_CONSTANT_CONVERSION = YES;
				CLANG_WARN_DEPRECATED_OBJC_IMPLEMENTATIONS = YES;
				CLANG_WARN_DIRECT_OBJC_ISA_USAGE = YES_ERROR;
				CLANG_WARN_DOCUMENTATION_COMMENTS = YES;
				CLANG_WARN_EMPTY_BODY = YES;
				CLANG_WARN_ENUM_CONVERSION = YES;
				CLANG_WARN_INFINITE_RECURSION = YES;
				CLANG_WARN_INT_CONVERSION = YES;
				CLANG_WARN_NON_LITERAL_NULL_CONVERSION = YES;
				CLANG_WARN_OBJC_IMPLICIT_RETAIN_SELF = YES;
				CLANG_WARN_OBJC_LITERAL_CONVERSION = YES;
				CLANG_WARN_OBJC_ROOT_CLASS = YES_ERROR;
				CLANG_WARN_QUOTED_INCLUDE_IN_FRAMEWORK_HEADER = YES;
				CLANG_WARN_RANGE_LOOP_ANALYSIS = YES;
				CLANG_WARN_STRICT_PROTOTYPES = YES;
				CLANG_WARN_SUSPICIOUS_MOVE = YES;
				CLANG_WARN_UNGUARDED_AVAILABILITY = YES_AGGRESSIVE;
				CLANG_WARN_UNREACHABLE_CODE = YES;
				CLANG_WARN__DUPLICATE_METHOD_MATCH = YES;
				COPY_PHASE_STRIP = NO;
				DEBUG_INFORMATION_FORMAT = dwarf;
				ENABLE_STRICT_OBJC_MSGSEND = YES;
				ENABLE_TESTABILITY = YES;
				GCC_C_LANGUAGE_STANDARD = gnu11;
				GCC_DYNAMIC_NO_PIC = NO;
				GCC_NO_COMMON_BLOCKS = YES;
				GCC_OPTIMIZATION_LEVEL = 0;
				GCC_PREPROCESSOR_DEFINITIONS = (
					"DEBUG=1",
					"$(inherited)",
				);
				GCC_WARN_64_TO_32_BIT_CONVERSION = YES;
				GCC_WARN_ABOUT_RETURN_TYPE = YES_ERROR;
				GCC_WARN_UNDECLARED_SELECTOR = YES;
				GCC_WARN_UNINITIALIZED_AUTOS = YES_AGGRESSIVE;
				GCC_WARN_UNUSED_FUNCTION = YES;
				GCC_WARN_UNUSED_VARIABLE = YES;
				MACOSX_DEPLOYMENT_TARGET = 11.1;
				MTL_ENABLE_DEBUG_INFO = INCLUDE_SOURCE;
				MTL_FAST_MATH = YES;
				ONLY_ACTIVE_ARCH = YES;
				SDKROOT = macosx;
				SWIFT_ACTIVE_COMPILATION_CONDITIONS = DEBUG;
				SWIFT_OPTIMIZATION_LEVEL = "-Onone";
			};
			name = Debug;
		};
		338743352633C53200B23611 /* Release */ = {
			isa = XCBuildConfiguration;
			buildSettings = {
				ALWAYS_SEARCH_USER_PATHS = NO;
				CLANG_ANALYZER_NONNULL = YES;
				CLANG_ANALYZER_NUMBER_OBJECT_CONVERSION = YES_AGGRESSIVE;
				CLANG_CXX_LANGUAGE_STANDARD = "gnu++14";
				CLANG_CXX_LIBRARY = "libc++";
				CLANG_ENABLE_MODULES = YES;
				CLANG_ENABLE_OBJC_ARC = YES;
				CLANG_ENABLE_OBJC_WEAK = YES;
				CLANG_WARN_BLOCK_CAPTURE_AUTORELEASING = YES;
				CLANG_WARN_BOOL_CONVERSION = YES;
				CLANG_WARN_COMMA = YES;
				CLANG_WARN_CONSTANT_CONVERSION = YES;
				CLANG_WARN_DEPRECATED_OBJC_IMPLEMENTATIONS = YES;
				CLANG_WARN_DIRECT_OBJC_ISA_USAGE = YES_ERROR;
				CLANG_WARN_DOCUMENTATION_COMMENTS = YES;
				CLANG_WARN_EMPTY_BODY = YES;
				CLANG_WARN_ENUM_CONVERSION = YES;
				CLANG_WARN_INFINITE_RECURSION = YES;
				CLANG_WARN_INT_CONVERSION = YES;
				CLANG_WARN_NON_LITERAL_NULL_CONVERSION = YES;
				CLANG_WARN_OBJC_IMPLICIT_RETAIN_SELF = YES;
				CLANG_WARN_OBJC_LITERAL_CONVERSION = YES;
				CLANG_WARN_OBJC_ROOT_CLASS = YES_ERROR;
				CLANG_WARN_QUOTED_INCLUDE_IN_FRAMEWORK_HEADER = YES;
				CLANG_WARN_RANGE_LOOP_ANALYSIS = YES;
				CLANG_WARN_STRICT_PROTOTYPES = YES;
				CLANG_WARN_SUSPICIOUS_MOVE = YES;
				CLANG_WARN_UNGUARDED_AVAILABILITY = YES_AGGRESSIVE;
				CLANG_WARN_UNREACHABLE_CODE = YES;
				CLANG_WARN__DUPLICATE_METHOD_MATCH = YES;
				COPY_PHASE_STRIP = NO;
				DEBUG_INFORMATION_FORMAT = "dwarf-with-dsym";
				ENABLE_NS_ASSERTIONS = NO;
				ENABLE_STRICT_OBJC_MSGSEND = YES;
				GCC_C_LANGUAGE_STANDARD = gnu11;
				GCC_NO_COMMON_BLOCKS = YES;
				GCC_WARN_64_TO_32_BIT_CONVERSION = YES;
				GCC_WARN_ABOUT_RETURN_TYPE = YES_ERROR;
				GCC_WARN_UNDECLARED_SELECTOR = YES;
				GCC_WARN_UNINITIALIZED_AUTOS = YES_AGGRESSIVE;
				GCC_WARN_UNUSED_FUNCTION = YES;
				GCC_WARN_UNUSED_VARIABLE = YES;
				MACOSX_DEPLOYMENT_TARGET = 11.1;
				MTL_ENABLE_DEBUG_INFO = NO;
				MTL_FAST_MATH = YES;
				SDKROOT = macosx;
				SWIFT_COMPILATION_MODE = wholemodule;
				SWIFT_OPTIMIZATION_LEVEL = "-O";
			};
			name = Release;
		};
		338743372633C53200B23611 /* Debug */ = {
			isa = XCBuildConfiguration;
			buildSettings = {
				CODE_SIGN_STYLE = Automatic;
				DEVELOPMENT_TEAM = 826UFXVDY8;
				ENABLE_HARDENED_RUNTIME = YES;
				PRODUCT_NAME = "$(TARGET_NAME)";
				SWIFT_VERSION = 5.0;
			};
			name = Debug;
		};
		338743382633C53200B23611 /* Release */ = {
			isa = XCBuildConfiguration;
			buildSettings = {
				CODE_SIGN_STYLE = Automatic;
				DEVELOPMENT_TEAM = 826UFXVDY8;
				ENABLE_HARDENED_RUNTIME = YES;
				PRODUCT_NAME = "$(TARGET_NAME)";
				SWIFT_VERSION = 5.0;
			};
			name = Release;
		};
/* End XCBuildConfiguration section */

/* Begin XCConfigurationList section */
		3387432A2633C53200B23611 /* Build configuration list for PBXProject "2021May" */ = {
			isa = XCConfigurationList;
			buildConfigurations = (
				338743342633C53200B23611 /* Debug */,
				338743352633C53200B23611 /* Release */,
			);
			defaultConfigurationIsVisible = 0;
			defaultConfigurationName = Release;
		};
		338743362633C53200B23611 /* Build configuration list for PBXNativeTarget "2021May" */ = {
			isa = XCConfigurationList;
			buildConfigurations = (
				338743372633C53200B23611 /* Debug */,
				338743382633C53200B23611 /* Release */,
			);
			defaultConfigurationIsVisible = 0;
			defaultConfigurationName = Release;
		};
/* End XCConfigurationList section */
	};
	rootObject = 338743272633C53200B23611 /* Project object */;
}
