// !$*UTF8*$!
{
	archiveVersion = 1;
	classes = {
	};
	objectVersion = 50;
	objects = {

/* Begin PBXBuildFile section */
		330A3BE62665A059000633EC /* ATCoder.swift in Sources */ = {isa = PBXBuildFile; fileRef = 330A3BE52665A058000633EC /* ATCoder.swift */; };
		330A3BE92665A07A000633EC /* averageLength.swift in Sources */ = {isa = PBXBuildFile; fileRef = 330A3BE72665A07A000633EC /* averageLength.swift */; };
		330A3BEA2665A07A000633EC /* gridRepainting2.swift in Sources */ = {isa = PBXBuildFile; fileRef = 330A3BE82665A07A000633EC /* gridRepainting2.swift */; };
		330A3BEB2665A0D7000633EC /* chooseIntegers2.swift in Sources */ = {isa = PBXBuildFile; fileRef = 330A3BD72665A006000633EC /* chooseIntegers2.swift */; };
		330A3C2B2666D475000633EC /* UnevenNumbers.swift in Sources */ = {isa = PBXBuildFile; fileRef = 330A3C2A2666D475000633EC /* UnevenNumbers.swift */; };
		330A3C2D2668749F000633EC /* 105.swift in Sources */ = {isa = PBXBuildFile; fileRef = 330A3C2C2668749F000633EC /* 105.swift */; };
		33903CBE2669D61E00BEEA82 /* KthCommonDivisor.swift in Sources */ = {isa = PBXBuildFile; fileRef = 33903CBD2669D61E00BEEA82 /* KthCommonDivisor.swift */; };
		33903CC0266A00BE00BEEA82 /* DigitsInMultiplication.swift in Sources */ = {isa = PBXBuildFile; fileRef = 33903CBF266A00BE00BEEA82 /* DigitsInMultiplication.swift */; };
		33903CD6266B0CF900BEEA82 /* halfAndHalf.swift in Sources */ = {isa = PBXBuildFile; fileRef = 33903CD5266B0CF900BEEA82 /* halfAndHalf.swift */; };
		33903CD82678234000BEEA82 /* switches.swift in Sources */ = {isa = PBXBuildFile; fileRef = 33903CD72678234000BEEA82 /* switches.swift */; };
		33903CDA267824CA00BEEA82 /* luckyPin.swift in Sources */ = {isa = PBXBuildFile; fileRef = 33903CD9267824CA00BEEA82 /* luckyPin.swift */; };
		33903CDC267C2DCB00BEEA82 /* a.swift in Sources */ = {isa = PBXBuildFile; fileRef = 33903CDB267C2DCB00BEEA82 /* a.swift */; };
		33903CDE267C2FFE00BEEA82 /* PermutationCheck.swift in Sources */ = {isa = PBXBuildFile; fileRef = 33903CDD267C2FFE00BEEA82 /* PermutationCheck.swift */; };
		33903CE0267C30EB00BEEA82 /* pow.swift in Sources */ = {isa = PBXBuildFile; fileRef = 33903CDF267C30EB00BEEA82 /* pow.swift */; };
		33903CE2267D9CA100BEEA82 /* Rockpaperscissors.swift in Sources */ = {isa = PBXBuildFile; fileRef = 33903CE1267D9CA100BEEA82 /* Rockpaperscissors.swift */; };
		33903CE4267D9E7400BEEA82 /* nuts.swift in Sources */ = {isa = PBXBuildFile; fileRef = 33903CE3267D9E7400BEEA82 /* nuts.swift */; };
		33903CE6267D9F4000BEEA82 /* tour.swift in Sources */ = {isa = PBXBuildFile; fileRef = 33903CE5267D9F4000BEEA82 /* tour.swift */; };
/* End PBXBuildFile section */

/* Begin PBXCopyFilesBuildPhase section */
		330A3BC426659ED8000633EC /* CopyFiles */ = {
			isa = PBXCopyFilesBuildPhase;
			buildActionMask = 2147483647;
			dstPath = /usr/share/man/man1/;
			dstSubfolderSpec = 0;
			files = (
			);
			runOnlyForDeploymentPostprocessing = 1;
		};
/* End PBXCopyFilesBuildPhase section */

/* Begin PBXFileReference section */
		330A3BC626659ED8000633EC /* 2021June */ = {isa = PBXFileReference; explicitFileType = "compiled.mach-o.executable"; includeInIndex = 0; path = 2021June; sourceTree = BUILT_PRODUCTS_DIR; };
		330A3BD32665A006000633EC /* attention.swift */ = {isa = PBXFileReference; lastKnownFileType = sourcecode.swift; path = attention.swift; sourceTree = "<group>"; };
		330A3BD42665A006000633EC /* trained.swift */ = {isa = PBXFileReference; lastKnownFileType = sourcecode.swift; path = trained.swift; sourceTree = "<group>"; };
		330A3BD52665A006000633EC /* dayDream.swift */ = {isa = PBXFileReference; lastKnownFileType = sourcecode.swift; path = dayDream.swift; sourceTree = "<group>"; };
		330A3BD62665A006000633EC /* betweenAandB.swift */ = {isa = PBXFileReference; lastKnownFileType = sourcecode.swift; path = betweenAandB.swift; sourceTree = "<group>"; };
		330A3BD72665A006000633EC /* chooseIntegers2.swift */ = {isa = PBXFileReference; lastKnownFileType = sourcecode.swift; path = chooseIntegers2.swift; sourceTree = "<group>"; };
		330A3BE52665A058000633EC /* ATCoder.swift */ = {isa = PBXFileReference; fileEncoding = 4; lastKnownFileType = sourcecode.swift; name = ATCoder.swift; path = 2021June/CA/ATCoder.swift; sourceTree = SOURCE_ROOT; };
		330A3BE72665A07A000633EC /* averageLength.swift */ = {isa = PBXFileReference; fileEncoding = 4; lastKnownFileType = sourcecode.swift; name = averageLength.swift; path = 2021June/Thinking/averageLength.swift; sourceTree = SOURCE_ROOT; };
		330A3BE82665A07A000633EC /* gridRepainting2.swift */ = {isa = PBXFileReference; fileEncoding = 4; lastKnownFileType = sourcecode.swift; name = gridRepainting2.swift; path = 2021June/Thinking/gridRepainting2.swift; sourceTree = SOURCE_ROOT; };
		330A3C2A2666D475000633EC /* UnevenNumbers.swift */ = {isa = PBXFileReference; lastKnownFileType = sourcecode.swift; path = UnevenNumbers.swift; sourceTree = "<group>"; };
		330A3C2C2668749F000633EC /* 105.swift */ = {isa = PBXFileReference; lastKnownFileType = sourcecode.swift; path = 105.swift; sourceTree = "<group>"; };
		33903CBD2669D61E00BEEA82 /* KthCommonDivisor.swift */ = {isa = PBXFileReference; lastKnownFileType = sourcecode.swift; path = KthCommonDivisor.swift; sourceTree = "<group>"; };
		33903CBF266A00BE00BEEA82 /* DigitsInMultiplication.swift */ = {isa = PBXFileReference; lastKnownFileType = sourcecode.swift; path = DigitsInMultiplication.swift; sourceTree = "<group>"; };
		33903CD5266B0CF900BEEA82 /* halfAndHalf.swift */ = {isa = PBXFileReference; lastKnownFileType = sourcecode.swift; path = halfAndHalf.swift; sourceTree = "<group>"; };
		33903CD72678234000BEEA82 /* switches.swift */ = {isa = PBXFileReference; lastKnownFileType = sourcecode.swift; path = switches.swift; sourceTree = "<group>"; };
		33903CD9267824CA00BEEA82 /* luckyPin.swift */ = {isa = PBXFileReference; lastKnownFileType = sourcecode.swift; path = luckyPin.swift; sourceTree = "<group>"; };
		33903CDB267C2DCB00BEEA82 /* a.swift */ = {isa = PBXFileReference; lastKnownFileType = sourcecode.swift; path = a.swift; sourceTree = "<group>"; };
		33903CDD267C2FFE00BEEA82 /* PermutationCheck.swift */ = {isa = PBXFileReference; lastKnownFileType = sourcecode.swift; path = PermutationCheck.swift; sourceTree = "<group>"; };
		33903CDF267C30EB00BEEA82 /* pow.swift */ = {isa = PBXFileReference; lastKnownFileType = sourcecode.swift; path = pow.swift; sourceTree = "<group>"; };
		33903CE1267D9CA100BEEA82 /* Rockpaperscissors.swift */ = {isa = PBXFileReference; lastKnownFileType = sourcecode.swift; path = Rockpaperscissors.swift; sourceTree = "<group>"; };
		33903CE3267D9E7400BEEA82 /* nuts.swift */ = {isa = PBXFileReference; lastKnownFileType = sourcecode.swift; path = nuts.swift; sourceTree = "<group>"; };
		33903CE5267D9F4000BEEA82 /* tour.swift */ = {isa = PBXFileReference; lastKnownFileType = sourcecode.swift; path = tour.swift; sourceTree = "<group>"; };
/* End PBXFileReference section */

/* Begin PBXFrameworksBuildPhase section */
		330A3BC326659ED8000633EC /* Frameworks */ = {
			isa = PBXFrameworksBuildPhase;
			buildActionMask = 2147483647;
			files = (
			);
			runOnlyForDeploymentPostprocessing = 0;
		};
/* End PBXFrameworksBuildPhase section */

/* Begin PBXGroup section */
		330A3BBD26659ED8000633EC = {
			isa = PBXGroup;
			children = (
				330A3BC826659ED8000633EC /* 2021June */,
				330A3BC726659ED8000633EC /* Products */,
			);
			sourceTree = "<group>";
		};
		330A3BC726659ED8000633EC /* Products */ = {
			isa = PBXGroup;
			children = (
				330A3BC626659ED8000633EC /* 2021June */,
			);
			name = Products;
			sourceTree = "<group>";
		};
		330A3BC826659ED8000633EC /* 2021June */ = {
			isa = PBXGroup;
			children = (
				330A3BD82665A006000633EC /* ReThinking */,
				330A3BE12665A021000633EC /* Thinking */,
				33903CBC2669D4ED00BEEA82 /* CA */,
			);
			path = 2021June;
			sourceTree = "<group>";
		};
		330A3BD82665A006000633EC /* ReThinking */ = {
			isa = PBXGroup;
			children = (
				330A3BD32665A006000633EC /* attention.swift */,
				330A3BD42665A006000633EC /* trained.swift */,
				330A3BD52665A006000633EC /* dayDream.swift */,
				330A3BD62665A006000633EC /* betweenAandB.swift */,
			);
			path = ReThinking;
			sourceTree = "<group>";
		};
		330A3BE12665A021000633EC /* Thinking */ = {
			isa = PBXGroup;
			children = (
				330A3BE72665A07A000633EC /* averageLength.swift */,
				330A3BE82665A07A000633EC /* gridRepainting2.swift */,
				330A3C2A2666D475000633EC /* UnevenNumbers.swift */,
				33903CD72678234000BEEA82 /* switches.swift */,
				33903CD9267824CA00BEEA82 /* luckyPin.swift */,
				33903CBF266A00BE00BEEA82 /* DigitsInMultiplication.swift */,
				33903CD5266B0CF900BEEA82 /* halfAndHalf.swift */,
				33903CE5267D9F4000BEEA82 /* tour.swift */,
			);
			name = Thinking;
			path = ../../2021May/2021May/Thinking;
			sourceTree = "<group>";
		};
		33903CBC2669D4ED00BEEA82 /* CA */ = {
			isa = PBXGroup;
			children = (
				33903CDF267C30EB00BEEA82 /* pow.swift */,
				33903CE3267D9E7400BEEA82 /* nuts.swift */,
				33903CE1267D9CA100BEEA82 /* Rockpaperscissors.swift */,
				33903CDD267C2FFE00BEEA82 /* PermutationCheck.swift */,
				33903CDB267C2DCB00BEEA82 /* a.swift */,
				330A3BE52665A058000633EC /* ATCoder.swift */,
				330A3BD72665A006000633EC /* chooseIntegers2.swift */,
				330A3C2C2668749F000633EC /* 105.swift */,
				33903CBD2669D61E00BEEA82 /* KthCommonDivisor.swift */,
			);
			path = CA;
			sourceTree = "<group>";
		};
/* End PBXGroup section */

/* Begin PBXNativeTarget section */
		330A3BC526659ED8000633EC /* 2021June */ = {
			isa = PBXNativeTarget;
			buildConfigurationList = 330A3BCD26659ED8000633EC /* Build configuration list for PBXNativeTarget "2021June" */;
			buildPhases = (
				330A3BC226659ED8000633EC /* Sources */,
				330A3BC326659ED8000633EC /* Frameworks */,
				330A3BC426659ED8000633EC /* CopyFiles */,
			);
			buildRules = (
			);
			dependencies = (
			);
			name = 2021June;
			productName = 2021June;
			productReference = 330A3BC626659ED8000633EC /* 2021June */;
			productType = "com.apple.product-type.tool";
		};
/* End PBXNativeTarget section */

/* Begin PBXProject section */
		330A3BBE26659ED8000633EC /* Project object */ = {
			isa = PBXProject;
			attributes = {
				LastSwiftUpdateCheck = 1250;
				LastUpgradeCheck = 1250;
				TargetAttributes = {
					330A3BC526659ED8000633EC = {
						CreatedOnToolsVersion = 12.5;
					};
				};
			};
			buildConfigurationList = 330A3BC126659ED8000633EC /* Build configuration list for PBXProject "2021June" */;
			compatibilityVersion = "Xcode 9.3";
			developmentRegion = en;
			hasScannedForEncodings = 0;
			knownRegions = (
				en,
				Base,
			);
			mainGroup = 330A3BBD26659ED8000633EC;
			productRefGroup = 330A3BC726659ED8000633EC /* Products */;
			projectDirPath = "";
			projectRoot = "";
			targets = (
				330A3BC526659ED8000633EC /* 2021June */,
			);
		};
/* End PBXProject section */

/* Begin PBXSourcesBuildPhase section */
		330A3BC226659ED8000633EC /* Sources */ = {
			isa = PBXSourcesBuildPhase;
			buildActionMask = 2147483647;
			files = (
				33903CE2267D9CA100BEEA82 /* Rockpaperscissors.swift in Sources */,
				33903CD6266B0CF900BEEA82 /* halfAndHalf.swift in Sources */,
				33903CC0266A00BE00BEEA82 /* DigitsInMultiplication.swift in Sources */,
				330A3C2B2666D475000633EC /* UnevenNumbers.swift in Sources */,
				33903CDC267C2DCB00BEEA82 /* a.swift in Sources */,
				330A3BE62665A059000633EC /* ATCoder.swift in Sources */,
				33903CBE2669D61E00BEEA82 /* KthCommonDivisor.swift in Sources */,
				33903CD82678234000BEEA82 /* switches.swift in Sources */,
				330A3BEB2665A0D7000633EC /* chooseIntegers2.swift in Sources */,
				330A3BEA2665A07A000633EC /* gridRepainting2.swift in Sources */,
				33903CE6267D9F4000BEEA82 /* tour.swift in Sources */,
				33903CDE267C2FFE00BEEA82 /* PermutationCheck.swift in Sources */,
				33903CE0267C30EB00BEEA82 /* pow.swift in Sources */,
				33903CDA267824CA00BEEA82 /* luckyPin.swift in Sources */,
				330A3C2D2668749F000633EC /* 105.swift in Sources */,
				330A3BE92665A07A000633EC /* averageLength.swift in Sources */,
				33903CE4267D9E7400BEEA82 /* nuts.swift in Sources */,
			);
			runOnlyForDeploymentPostprocessing = 0;
		};
/* End PBXSourcesBuildPhase section */

/* Begin XCBuildConfiguration section */
		330A3BCB26659ED8000633EC /* Debug */ = {
			isa = XCBuildConfiguration;
			buildSettings = {
				ALWAYS_SEARCH_USER_PATHS = NO;
				CLANG_ANALYZER_NONNULL = YES;
				CLANG_ANALYZER_NUMBER_OBJECT_CONVERSION = YES_AGGRESSIVE;
				CLANG_CXX_LANGUAGE_STANDARD = "gnu++14";
				CLANG_CXX_LIBRARY = "libc++";
				CLANG_ENABLE_MODULES = YES;
				CLANG_ENABLE_OBJC_ARC = YES;
				CLANG_ENABLE_OBJC_WEAK = YES;
				CLANG_WARN_BLOCK_CAPTURE_AUTORELEASING = YES;
				CLANG_WARN_BOOL_CONVERSION = YES;
				CLANG_WARN_COMMA = YES;
				CLANG_WARN_CONSTANT_CONVERSION = YES;
				CLANG_WARN_DEPRECATED_OBJC_IMPLEMENTATIONS = YES;
				CLANG_WARN_DIRECT_OBJC_ISA_USAGE = YES_ERROR;
				CLANG_WARN_DOCUMENTATION_COMMENTS = YES;
				CLANG_WARN_EMPTY_BODY = YES;
				CLANG_WARN_ENUM_CONVERSION = YES;
				CLANG_WARN_INFINITE_RECURSION = YES;
				CLANG_WARN_INT_CONVERSION = YES;
				CLANG_WARN_NON_LITERAL_NULL_CONVERSION = YES;
				CLANG_WARN_OBJC_IMPLICIT_RETAIN_SELF = YES;
				CLANG_WARN_OBJC_LITERAL_CONVERSION = YES;
				CLANG_WARN_OBJC_ROOT_CLASS = YES_ERROR;
				CLANG_WARN_QUOTED_INCLUDE_IN_FRAMEWORK_HEADER = YES;
				CLANG_WARN_RANGE_LOOP_ANALYSIS = YES;
				CLANG_WARN_STRICT_PROTOTYPES = YES;
				CLANG_WARN_SUSPICIOUS_MOVE = YES;
				CLANG_WARN_UNGUARDED_AVAILABILITY = YES_AGGRESSIVE;
				CLANG_WARN_UNREACHABLE_CODE = YES;
				CLANG_WARN__DUPLICATE_METHOD_MATCH = YES;
				COPY_PHASE_STRIP = NO;
				DEBUG_INFORMATION_FORMAT = dwarf;
				ENABLE_STRICT_OBJC_MSGSEND = YES;
				ENABLE_TESTABILITY = YES;
				GCC_C_LANGUAGE_STANDARD = gnu11;
				GCC_DYNAMIC_NO_PIC = NO;
				GCC_NO_COMMON_BLOCKS = YES;
				GCC_OPTIMIZATION_LEVEL = 0;
				GCC_PREPROCESSOR_DEFINITIONS = (
					"DEBUG=1",
					"$(inherited)",
				);
				GCC_WARN_64_TO_32_BIT_CONVERSION = YES;
				GCC_WARN_ABOUT_RETURN_TYPE = YES_ERROR;
				GCC_WARN_UNDECLARED_SELECTOR = YES;
				GCC_WARN_UNINITIALIZED_AUTOS = YES_AGGRESSIVE;
				GCC_WARN_UNUSED_FUNCTION = YES;
				GCC_WARN_UNUSED_VARIABLE = YES;
				MACOSX_DEPLOYMENT_TARGET = 11.3;
				MTL_ENABLE_DEBUG_INFO = INCLUDE_SOURCE;
				MTL_FAST_MATH = YES;
				ONLY_ACTIVE_ARCH = YES;
				SDKROOT = macosx;
				SWIFT_ACTIVE_COMPILATION_CONDITIONS = DEBUG;
				SWIFT_OPTIMIZATION_LEVEL = "-Onone";
			};
			name = Debug;
		};
		330A3BCC26659ED8000633EC /* Release */ = {
			isa = XCBuildConfiguration;
			buildSettings = {
				ALWAYS_SEARCH_USER_PATHS = NO;
				CLANG_ANALYZER_NONNULL = YES;
				CLANG_ANALYZER_NUMBER_OBJECT_CONVERSION = YES_AGGRESSIVE;
				CLANG_CXX_LANGUAGE_STANDARD = "gnu++14";
				CLANG_CXX_LIBRARY = "libc++";
				CLANG_ENABLE_MODULES = YES;
				CLANG_ENABLE_OBJC_ARC = YES;
				CLANG_ENABLE_OBJC_WEAK = YES;
				CLANG_WARN_BLOCK_CAPTURE_AUTORELEASING = YES;
				CLANG_WARN_BOOL_CONVERSION = YES;
				CLANG_WARN_COMMA = YES;
				CLANG_WARN_CONSTANT_CONVERSION = YES;
				CLANG_WARN_DEPRECATED_OBJC_IMPLEMENTATIONS = YES;
				CLANG_WARN_DIRECT_OBJC_ISA_USAGE = YES_ERROR;
				CLANG_WARN_DOCUMENTATION_COMMENTS = YES;
				CLANG_WARN_EMPTY_BODY = YES;
				CLANG_WARN_ENUM_CONVERSION = YES;
				CLANG_WARN_INFINITE_RECURSION = YES;
				CLANG_WARN_INT_CONVERSION = YES;
				CLANG_WARN_NON_LITERAL_NULL_CONVERSION = YES;
				CLANG_WARN_OBJC_IMPLICIT_RETAIN_SELF = YES;
				CLANG_WARN_OBJC_LITERAL_CONVERSION = YES;
				CLANG_WARN_OBJC_ROOT_CLASS = YES_ERROR;
				CLANG_WARN_QUOTED_INCLUDE_IN_FRAMEWORK_HEADER = YES;
				CLANG_WARN_RANGE_LOOP_ANALYSIS = YES;
				CLANG_WARN_STRICT_PROTOTYPES = YES;
				CLANG_WARN_SUSPICIOUS_MOVE = YES;
				CLANG_WARN_UNGUARDED_AVAILABILITY = YES_AGGRESSIVE;
				CLANG_WARN_UNREACHABLE_CODE = YES;
				CLANG_WARN__DUPLICATE_METHOD_MATCH = YES;
				COPY_PHASE_STRIP = NO;
				DEBUG_INFORMATION_FORMAT = "dwarf-with-dsym";
				ENABLE_NS_ASSERTIONS = NO;
				ENABLE_STRICT_OBJC_MSGSEND = YES;
				GCC_C_LANGUAGE_STANDARD = gnu11;
				GCC_NO_COMMON_BLOCKS = YES;
				GCC_WARN_64_TO_32_BIT_CONVERSION = YES;
				GCC_WARN_ABOUT_RETURN_TYPE = YES_ERROR;
				GCC_WARN_UNDECLARED_SELECTOR = YES;
				GCC_WARN_UNINITIALIZED_AUTOS = YES_AGGRESSIVE;
				GCC_WARN_UNUSED_FUNCTION = YES;
				GCC_WARN_UNUSED_VARIABLE = YES;
				MACOSX_DEPLOYMENT_TARGET = 11.3;
				MTL_ENABLE_DEBUG_INFO = NO;
				MTL_FAST_MATH = YES;
				SDKROOT = macosx;
				SWIFT_COMPILATION_MODE = wholemodule;
				SWIFT_OPTIMIZATION_LEVEL = "-O";
			};
			name = Release;
		};
		330A3BCE26659ED8000633EC /* Debug */ = {
			isa = XCBuildConfiguration;
			buildSettings = {
				CODE_SIGN_STYLE = Automatic;
				DEVELOPMENT_TEAM = 826UFXVDY8;
				ENABLE_HARDENED_RUNTIME = YES;
				PRODUCT_NAME = "$(TARGET_NAME)";
				SWIFT_VERSION = 5.0;
			};
			name = Debug;
		};
		330A3BCF26659ED8000633EC /* Release */ = {
			isa = XCBuildConfiguration;
			buildSettings = {
				CODE_SIGN_STYLE = Automatic;
				DEVELOPMENT_TEAM = 826UFXVDY8;
				ENABLE_HARDENED_RUNTIME = YES;
				PRODUCT_NAME = "$(TARGET_NAME)";
				SWIFT_VERSION = 5.0;
			};
			name = Release;
		};
/* End XCBuildConfiguration section */

/* Begin XCConfigurationList section */
		330A3BC126659ED8000633EC /* Build configuration list for PBXProject "2021June" */ = {
			isa = XCConfigurationList;
			buildConfigurations = (
				330A3BCB26659ED8000633EC /* Debug */,
				330A3BCC26659ED8000633EC /* Release */,
			);
			defaultConfigurationIsVisible = 0;
			defaultConfigurationName = Release;
		};
		330A3BCD26659ED8000633EC /* Build configuration list for PBXNativeTarget "2021June" */ = {
			isa = XCConfigurationList;
			buildConfigurations = (
				330A3BCE26659ED8000633EC /* Debug */,
				330A3BCF26659ED8000633EC /* Release */,
			);
			defaultConfigurationIsVisible = 0;
			defaultConfigurationName = Release;
		};
/* End XCConfigurationList section */
	};
	rootObject = 330A3BBE26659ED8000633EC /* Project object */;
}
