// !$*UTF8*$!
{
	archiveVersion = 1;
	classes = {
	};
	objectVersion = 50;
	objects = {

/* Begin PBXBuildFile section */
		33037217268E795F00A92C33 /* dayDream.swift in Sources */ = {isa = PBXBuildFile; fileRef = 3303720D268E795F00A92C33 /* dayDream.swift */; };
		33037218268E795F00A92C33 /* betweenAandB.swift in Sources */ = {isa = PBXBuildFile; fileRef = 330371FF268E795E00A92C33 /* betweenAandB.swift */; };
		33037219268E795F00A92C33 /* attention.swift in Sources */ = {isa = PBXBuildFile; fileRef = 33037200268E795E00A92C33 /* attention.swift */; };
		3303721A268E795F00A92C33 /* attention.swift in Sources */ = {isa = PBXBuildFile; fileRef = 3303720E268E795F00A92C33 /* attention.swift */; };
		3303721B268E795F00A92C33 /* trained.swift in Sources */ = {isa = PBXBuildFile; fileRef = 33037201268E795E00A92C33 /* trained.swift */; };
		3303721C268E795F00A92C33 /* trained.swift in Sources */ = {isa = PBXBuildFile; fileRef = 3303720C268E795F00A92C33 /* trained.swift */; };
		3303721D268E795F00A92C33 /* dayDream.swift in Sources */ = {isa = PBXBuildFile; fileRef = 33037202268E795E00A92C33 /* dayDream.swift */; };
		3303721E268E795F00A92C33 /* betweenAandB.swift in Sources */ = {isa = PBXBuildFile; fileRef = 3303720B268E795F00A92C33 /* betweenAandB.swift */; };
		3303721F268E795F00A92C33 /* luckyPin.swift in Sources */ = {isa = PBXBuildFile; fileRef = 33037216268E795F00A92C33 /* luckyPin.swift */; };
		33037220268E795F00A92C33 /* halfAndHalf.swift in Sources */ = {isa = PBXBuildFile; fileRef = 33037215268E795F00A92C33 /* halfAndHalf.swift */; };
		33037221268E795F00A92C33 /* tour.swift in Sources */ = {isa = PBXBuildFile; fileRef = 33037204268E795E00A92C33 /* tour.swift */; };
		33037222268E795F00A92C33 /* DigitsInMultiplication.swift in Sources */ = {isa = PBXBuildFile; fileRef = 33037214268E795F00A92C33 /* DigitsInMultiplication.swift */; };
		33037223268E795F00A92C33 /* averageLength.swift in Sources */ = {isa = PBXBuildFile; fileRef = 33037210268E795F00A92C33 /* averageLength.swift */; };
		33037224268E795F00A92C33 /* gridRepainting2.swift in Sources */ = {isa = PBXBuildFile; fileRef = 3303720F268E795F00A92C33 /* gridRepainting2.swift */; };
		33037225268E795F00A92C33 /* UnevenNumbers.swift in Sources */ = {isa = PBXBuildFile; fileRef = 33037205268E795E00A92C33 /* UnevenNumbers.swift */; };
		33037226268E795F00A92C33 /* UnevenNumbers.swift in Sources */ = {isa = PBXBuildFile; fileRef = 33037213268E795F00A92C33 /* UnevenNumbers.swift */; };
		33037227268E795F00A92C33 /* switches.swift in Sources */ = {isa = PBXBuildFile; fileRef = 33037206268E795E00A92C33 /* switches.swift */; };
		33037228268E795F00A92C33 /* switches.swift in Sources */ = {isa = PBXBuildFile; fileRef = 33037211268E795F00A92C33 /* switches.swift */; };
		33037229268E795F00A92C33 /* luckyPin.swift in Sources */ = {isa = PBXBuildFile; fileRef = 33037207268E795E00A92C33 /* luckyPin.swift */; };
		3303722A268E795F00A92C33 /* halfAndHalf.swift in Sources */ = {isa = PBXBuildFile; fileRef = 33037208268E795F00A92C33 /* halfAndHalf.swift */; };
		3303722B268E795F00A92C33 /* tour.swift in Sources */ = {isa = PBXBuildFile; fileRef = 33037212268E795F00A92C33 /* tour.swift */; };
		3303722C268E795F00A92C33 /* DigitsInMultiplication.swift in Sources */ = {isa = PBXBuildFile; fileRef = 33037209268E795F00A92C33 /* DigitsInMultiplication.swift */; };
		3303722D268E795F00A92C33 /* IPFL.swift in Sources */ = {isa = PBXBuildFile; fileRef = 3303720A268E795F00A92C33 /* IPFL.swift */; };
		33037237268FDB2200A92C33 /* RemoveIt.swift in Sources */ = {isa = PBXBuildFile; fileRef = 33037236268FDB2200A92C33 /* RemoveIt.swift */; };
		33037239268FDE3E00A92C33 /* Orthogonality.swift in Sources */ = {isa = PBXBuildFile; fileRef = 33037238268FDE3E00A92C33 /* Orthogonality.swift */; };
/* End PBXBuildFile section */

/* Begin PBXCopyFilesBuildPhase section */
		330371E1268E786100A92C33 /* CopyFiles */ = {
			isa = PBXCopyFilesBuildPhase;
			buildActionMask = 2147483647;
			dstPath = /usr/share/man/man1/;
			dstSubfolderSpec = 0;
			files = (
			);
			runOnlyForDeploymentPostprocessing = 1;
		};
/* End PBXCopyFilesBuildPhase section */

/* Begin PBXFileReference section */
		330371E3268E786100A92C33 /* 2021July */ = {isa = PBXFileReference; explicitFileType = "compiled.mach-o.executable"; includeInIndex = 0; path = 2021July; sourceTree = BUILT_PRODUCTS_DIR; };
		330371FF268E795E00A92C33 /* betweenAandB.swift */ = {isa = PBXFileReference; fileEncoding = 4; lastKnownFileType = sourcecode.swift; path = betweenAandB.swift; sourceTree = "<group>"; };
		33037200268E795E00A92C33 /* attention.swift */ = {isa = PBXFileReference; fileEncoding = 4; lastKnownFileType = sourcecode.swift; path = attention.swift; sourceTree = "<group>"; };
		33037201268E795E00A92C33 /* trained.swift */ = {isa = PBXFileReference; fileEncoding = 4; lastKnownFileType = sourcecode.swift; path = trained.swift; sourceTree = "<group>"; };
		33037202268E795E00A92C33 /* dayDream.swift */ = {isa = PBXFileReference; fileEncoding = 4; lastKnownFileType = sourcecode.swift; path = dayDream.swift; sourceTree = "<group>"; };
		33037204268E795E00A92C33 /* tour.swift */ = {isa = PBXFileReference; fileEncoding = 4; lastKnownFileType = sourcecode.swift; path = tour.swift; sourceTree = "<group>"; };
		33037205268E795E00A92C33 /* UnevenNumbers.swift */ = {isa = PBXFileReference; fileEncoding = 4; lastKnownFileType = sourcecode.swift; path = UnevenNumbers.swift; sourceTree = "<group>"; };
		33037206268E795E00A92C33 /* switches.swift */ = {isa = PBXFileReference; fileEncoding = 4; lastKnownFileType = sourcecode.swift; path = switches.swift; sourceTree = "<group>"; };
		33037207268E795E00A92C33 /* luckyPin.swift */ = {isa = PBXFileReference; fileEncoding = 4; lastKnownFileType = sourcecode.swift; path = luckyPin.swift; sourceTree = "<group>"; };
		33037208268E795F00A92C33 /* halfAndHalf.swift */ = {isa = PBXFileReference; fileEncoding = 4; lastKnownFileType = sourcecode.swift; path = halfAndHalf.swift; sourceTree = "<group>"; };
		33037209268E795F00A92C33 /* DigitsInMultiplication.swift */ = {isa = PBXFileReference; fileEncoding = 4; lastKnownFileType = sourcecode.swift; path = DigitsInMultiplication.swift; sourceTree = "<group>"; };
		3303720A268E795F00A92C33 /* IPFL.swift */ = {isa = PBXFileReference; fileEncoding = 4; lastKnownFileType = sourcecode.swift; path = IPFL.swift; sourceTree = "<group>"; };
		3303720B268E795F00A92C33 /* betweenAandB.swift */ = {isa = PBXFileReference; fileEncoding = 4; lastKnownFileType = sourcecode.swift; path = betweenAandB.swift; sourceTree = "<group>"; };
		3303720C268E795F00A92C33 /* trained.swift */ = {isa = PBXFileReference; fileEncoding = 4; lastKnownFileType = sourcecode.swift; path = trained.swift; sourceTree = "<group>"; };
		3303720D268E795F00A92C33 /* dayDream.swift */ = {isa = PBXFileReference; fileEncoding = 4; lastKnownFileType = sourcecode.swift; path = dayDream.swift; sourceTree = "<group>"; };
		3303720E268E795F00A92C33 /* attention.swift */ = {isa = PBXFileReference; fileEncoding = 4; lastKnownFileType = sourcecode.swift; path = attention.swift; sourceTree = "<group>"; };
		3303720F268E795F00A92C33 /* gridRepainting2.swift */ = {isa = PBXFileReference; fileEncoding = 4; lastKnownFileType = sourcecode.swift; name = gridRepainting2.swift; path = ../../../2021June/2021June/Thinking/gridRepainting2.swift; sourceTree = "<group>"; };
		33037210268E795F00A92C33 /* averageLength.swift */ = {isa = PBXFileReference; fileEncoding = 4; lastKnownFileType = sourcecode.swift; name = averageLength.swift; path = ../../../2021June/2021June/Thinking/averageLength.swift; sourceTree = "<group>"; };
		33037211268E795F00A92C33 /* switches.swift */ = {isa = PBXFileReference; fileEncoding = 4; lastKnownFileType = sourcecode.swift; path = switches.swift; sourceTree = "<group>"; };
		33037212268E795F00A92C33 /* tour.swift */ = {isa = PBXFileReference; fileEncoding = 4; lastKnownFileType = sourcecode.swift; path = tour.swift; sourceTree = "<group>"; };
		33037213268E795F00A92C33 /* UnevenNumbers.swift */ = {isa = PBXFileReference; fileEncoding = 4; lastKnownFileType = sourcecode.swift; path = UnevenNumbers.swift; sourceTree = "<group>"; };
		33037214268E795F00A92C33 /* DigitsInMultiplication.swift */ = {isa = PBXFileReference; fileEncoding = 4; lastKnownFileType = sourcecode.swift; path = DigitsInMultiplication.swift; sourceTree = "<group>"; };
		33037215268E795F00A92C33 /* halfAndHalf.swift */ = {isa = PBXFileReference; fileEncoding = 4; lastKnownFileType = sourcecode.swift; path = halfAndHalf.swift; sourceTree = "<group>"; };
		33037216268E795F00A92C33 /* luckyPin.swift */ = {isa = PBXFileReference; fileEncoding = 4; lastKnownFileType = sourcecode.swift; path = luckyPin.swift; sourceTree = "<group>"; };
		33037236268FDB2200A92C33 /* RemoveIt.swift */ = {isa = PBXFileReference; lastKnownFileType = sourcecode.swift; path = RemoveIt.swift; sourceTree = "<group>"; };
		33037238268FDE3E00A92C33 /* Orthogonality.swift */ = {isa = PBXFileReference; lastKnownFileType = sourcecode.swift; path = Orthogonality.swift; sourceTree = "<group>"; };
/* End PBXFileReference section */

/* Begin PBXFrameworksBuildPhase section */
		330371E0268E786100A92C33 /* Frameworks */ = {
			isa = PBXFrameworksBuildPhase;
			buildActionMask = 2147483647;
			files = (
			);
			runOnlyForDeploymentPostprocessing = 0;
		};
/* End PBXFrameworksBuildPhase section */

/* Begin PBXGroup section */
		330371DA268E786100A92C33 = {
			isa = PBXGroup;
			children = (
				330371E5268E786100A92C33 /* 2021July */,
				330371E4268E786100A92C33 /* Products */,
			);
			sourceTree = "<group>";
		};
		330371E4268E786100A92C33 /* Products */ = {
			isa = PBXGroup;
			children = (
				330371E3268E786100A92C33 /* 2021July */,
			);
			name = Products;
			sourceTree = "<group>";
		};
		330371E5268E786100A92C33 /* 2021July */ = {
			isa = PBXGroup;
			children = (
				330371FE268E795E00A92C33 /* ReThinking */,
				33037203268E795E00A92C33 /* Thinking */,
				330371FD268E78C600A92C33 /* CA */,
			);
			path = 2021July;
			sourceTree = "<group>";
		};
		330371FD268E78C600A92C33 /* CA */ = {
			isa = PBXGroup;
			children = (
				33037236268FDB2200A92C33 /* RemoveIt.swift */,
			);
			path = CA;
			sourceTree = "<group>";
		};
		330371FE268E795E00A92C33 /* ReThinking */ = {
			isa = PBXGroup;
			children = (
				3303720D268E795F00A92C33 /* dayDream.swift */,
				330371FF268E795E00A92C33 /* betweenAandB.swift */,
				33037200268E795E00A92C33 /* attention.swift */,
				3303720E268E795F00A92C33 /* attention.swift */,
				33037201268E795E00A92C33 /* trained.swift */,
				3303720C268E795F00A92C33 /* trained.swift */,
				33037202268E795E00A92C33 /* dayDream.swift */,
				3303720B268E795F00A92C33 /* betweenAandB.swift */,
			);
			path = ReThinking;
			sourceTree = "<group>";
		};
		33037203268E795E00A92C33 /* Thinking */ = {
			isa = PBXGroup;
			children = (
				33037238268FDE3E00A92C33 /* Orthogonality.swift */,
				3303720A268E795F00A92C33 /* IPFL.swift */,
				33037216268E795F00A92C33 /* luckyPin.swift */,
				33037215268E795F00A92C33 /* halfAndHalf.swift */,
				33037204268E795E00A92C33 /* tour.swift */,
				33037214268E795F00A92C33 /* DigitsInMultiplication.swift */,
				33037210268E795F00A92C33 /* averageLength.swift */,
				3303720F268E795F00A92C33 /* gridRepainting2.swift */,
				33037205268E795E00A92C33 /* UnevenNumbers.swift */,
				33037213268E795F00A92C33 /* UnevenNumbers.swift */,
				33037206268E795E00A92C33 /* switches.swift */,
				33037211268E795F00A92C33 /* switches.swift */,
				33037207268E795E00A92C33 /* luckyPin.swift */,
				33037208268E795F00A92C33 /* halfAndHalf.swift */,
				33037212268E795F00A92C33 /* tour.swift */,
				33037209268E795F00A92C33 /* DigitsInMultiplication.swift */,
			);
			path = Thinking;
			sourceTree = "<group>";
		};
/* End PBXGroup section */

/* Begin PBXNativeTarget section */
		330371E2268E786100A92C33 /* 2021July */ = {
			isa = PBXNativeTarget;
			buildConfigurationList = 330371EA268E786100A92C33 /* Build configuration list for PBXNativeTarget "2021July" */;
			buildPhases = (
				330371DF268E786100A92C33 /* Sources */,
				330371E0268E786100A92C33 /* Frameworks */,
				330371E1268E786100A92C33 /* CopyFiles */,
			);
			buildRules = (
			);
			dependencies = (
			);
			name = 2021July;
			productName = 2021July;
			productReference = 330371E3268E786100A92C33 /* 2021July */;
			productType = "com.apple.product-type.tool";
		};
/* End PBXNativeTarget section */

/* Begin PBXProject section */
		330371DB268E786100A92C33 /* Project object */ = {
			isa = PBXProject;
			attributes = {
				LastSwiftUpdateCheck = 1250;
				LastUpgradeCheck = 1250;
				TargetAttributes = {
					330371E2268E786100A92C33 = {
						CreatedOnToolsVersion = 12.5.1;
					};
				};
			};
			buildConfigurationList = 330371DE268E786100A92C33 /* Build configuration list for PBXProject "2021July" */;
			compatibilityVersion = "Xcode 9.3";
			developmentRegion = en;
			hasScannedForEncodings = 0;
			knownRegions = (
				en,
				Base,
			);
			mainGroup = 330371DA268E786100A92C33;
			productRefGroup = 330371E4268E786100A92C33 /* Products */;
			projectDirPath = "";
			projectRoot = "";
			targets = (
				330371E2268E786100A92C33 /* 2021July */,
			);
		};
/* End PBXProject section */

/* Begin PBXSourcesBuildPhase section */
		330371DF268E786100A92C33 /* Sources */ = {
			isa = PBXSourcesBuildPhase;
			buildActionMask = 2147483647;
			files = (
				33037229268E795F00A92C33 /* luckyPin.swift in Sources */,
				33037227268E795F00A92C33 /* switches.swift in Sources */,
				3303722D268E795F00A92C33 /* IPFL.swift in Sources */,
				33037222268E795F00A92C33 /* DigitsInMultiplication.swift in Sources */,
				3303721A268E795F00A92C33 /* attention.swift in Sources */,
				3303721B268E795F00A92C33 /* trained.swift in Sources */,
				33037223268E795F00A92C33 /* averageLength.swift in Sources */,
				33037217268E795F00A92C33 /* dayDream.swift in Sources */,
				33037225268E795F00A92C33 /* UnevenNumbers.swift in Sources */,
				3303722C268E795F00A92C33 /* DigitsInMultiplication.swift in Sources */,
				33037220268E795F00A92C33 /* halfAndHalf.swift in Sources */,
				33037239268FDE3E00A92C33 /* Orthogonality.swift in Sources */,
				33037218268E795F00A92C33 /* betweenAandB.swift in Sources */,
				33037221268E795F00A92C33 /* tour.swift in Sources */,
				33037219268E795F00A92C33 /* attention.swift in Sources */,
				3303721E268E795F00A92C33 /* betweenAandB.swift in Sources */,
				3303722A268E795F00A92C33 /* halfAndHalf.swift in Sources */,
				33037226268E795F00A92C33 /* UnevenNumbers.swift in Sources */,
				33037228268E795F00A92C33 /* switches.swift in Sources */,
				3303721C268E795F00A92C33 /* trained.swift in Sources */,
				3303722B268E795F00A92C33 /* tour.swift in Sources */,
				33037237268FDB2200A92C33 /* RemoveIt.swift in Sources */,
				33037224268E795F00A92C33 /* gridRepainting2.swift in Sources */,
				3303721D268E795F00A92C33 /* dayDream.swift in Sources */,
				3303721F268E795F00A92C33 /* luckyPin.swift in Sources */,
			);
			runOnlyForDeploymentPostprocessing = 0;
		};
/* End PBXSourcesBuildPhase section */

/* Begin XCBuildConfiguration section */
		330371E8268E786100A92C33 /* Debug */ = {
			isa = XCBuildConfiguration;
			buildSettings = {
				ALWAYS_SEARCH_USER_PATHS = NO;
				CLANG_ANALYZER_NONNULL = YES;
				CLANG_ANALYZER_NUMBER_OBJECT_CONVERSION = YES_AGGRESSIVE;
				CLANG_CXX_LANGUAGE_STANDARD = "gnu++14";
				CLANG_CXX_LIBRARY = "libc++";
				CLANG_ENABLE_MODULES = YES;
				CLANG_ENABLE_OBJC_ARC = YES;
				CLANG_ENABLE_OBJC_WEAK = YES;
				CLANG_WARN_BLOCK_CAPTURE_AUTORELEASING = YES;
				CLANG_WARN_BOOL_CONVERSION = YES;
				CLANG_WARN_COMMA = YES;
				CLANG_WARN_CONSTANT_CONVERSION = YES;
				CLANG_WARN_DEPRECATED_OBJC_IMPLEMENTATIONS = YES;
				CLANG_WARN_DIRECT_OBJC_ISA_USAGE = YES_ERROR;
				CLANG_WARN_DOCUMENTATION_COMMENTS = YES;
				CLANG_WARN_EMPTY_BODY = YES;
				CLANG_WARN_ENUM_CONVERSION = YES;
				CLANG_WARN_INFINITE_RECURSION = YES;
				CLANG_WARN_INT_CONVERSION = YES;
				CLANG_WARN_NON_LITERAL_NULL_CONVERSION = YES;
				CLANG_WARN_OBJC_IMPLICIT_RETAIN_SELF = YES;
				CLANG_WARN_OBJC_LITERAL_CONVERSION = YES;
				CLANG_WARN_OBJC_ROOT_CLASS = YES_ERROR;
				CLANG_WARN_QUOTED_INCLUDE_IN_FRAMEWORK_HEADER = YES;
				CLANG_WARN_RANGE_LOOP_ANALYSIS = YES;
				CLANG_WARN_STRICT_PROTOTYPES = YES;
				CLANG_WARN_SUSPICIOUS_MOVE = YES;
				CLANG_WARN_UNGUARDED_AVAILABILITY = YES_AGGRESSIVE;
				CLANG_WARN_UNREACHABLE_CODE = YES;
				CLANG_WARN__DUPLICATE_METHOD_MATCH = YES;
				COPY_PHASE_STRIP = NO;
				DEBUG_INFORMATION_FORMAT = dwarf;
				ENABLE_STRICT_OBJC_MSGSEND = YES;
				ENABLE_TESTABILITY = YES;
				GCC_C_LANGUAGE_STANDARD = gnu11;
				GCC_DYNAMIC_NO_PIC = NO;
				GCC_NO_COMMON_BLOCKS = YES;
				GCC_OPTIMIZATION_LEVEL = 0;
				GCC_PREPROCESSOR_DEFINITIONS = (
					"DEBUG=1",
					"$(inherited)",
				);
				GCC_WARN_64_TO_32_BIT_CONVERSION = YES;
				GCC_WARN_ABOUT_RETURN_TYPE = YES_ERROR;
				GCC_WARN_UNDECLARED_SELECTOR = YES;
				GCC_WARN_UNINITIALIZED_AUTOS = YES_AGGRESSIVE;
				GCC_WARN_UNUSED_FUNCTION = YES;
				GCC_WARN_UNUSED_VARIABLE = YES;
				MACOSX_DEPLOYMENT_TARGET = 11.3;
				MTL_ENABLE_DEBUG_INFO = INCLUDE_SOURCE;
				MTL_FAST_MATH = YES;
				ONLY_ACTIVE_ARCH = YES;
				SDKROOT = macosx;
				SWIFT_ACTIVE_COMPILATION_CONDITIONS = DEBUG;
				SWIFT_OPTIMIZATION_LEVEL = "-Onone";
			};
			name = Debug;
		};
		330371E9268E786100A92C33 /* Release */ = {
			isa = XCBuildConfiguration;
			buildSettings = {
				ALWAYS_SEARCH_USER_PATHS = NO;
				CLANG_ANALYZER_NONNULL = YES;
				CLANG_ANALYZER_NUMBER_OBJECT_CONVERSION = YES_AGGRESSIVE;
				CLANG_CXX_LANGUAGE_STANDARD = "gnu++14";
				CLANG_CXX_LIBRARY = "libc++";
				CLANG_ENABLE_MODULES = YES;
				CLANG_ENABLE_OBJC_ARC = YES;
				CLANG_ENABLE_OBJC_WEAK = YES;
				CLANG_WARN_BLOCK_CAPTURE_AUTORELEASING = YES;
				CLANG_WARN_BOOL_CONVERSION = YES;
				CLANG_WARN_COMMA = YES;
				CLANG_WARN_CONSTANT_CONVERSION = YES;
				CLANG_WARN_DEPRECATED_OBJC_IMPLEMENTATIONS = YES;
				CLANG_WARN_DIRECT_OBJC_ISA_USAGE = YES_ERROR;
				CLANG_WARN_DOCUMENTATION_COMMENTS = YES;
				CLANG_WARN_EMPTY_BODY = YES;
				CLANG_WARN_ENUM_CONVERSION = YES;
				CLANG_WARN_INFINITE_RECURSION = YES;
				CLANG_WARN_INT_CONVERSION = YES;
				CLANG_WARN_NON_LITERAL_NULL_CONVERSION = YES;
				CLANG_WARN_OBJC_IMPLICIT_RETAIN_SELF = YES;
				CLANG_WARN_OBJC_LITERAL_CONVERSION = YES;
				CLANG_WARN_OBJC_ROOT_CLASS = YES_ERROR;
				CLANG_WARN_QUOTED_INCLUDE_IN_FRAMEWORK_HEADER = YES;
				CLANG_WARN_RANGE_LOOP_ANALYSIS = YES;
				CLANG_WARN_STRICT_PROTOTYPES = YES;
				CLANG_WARN_SUSPICIOUS_MOVE = YES;
				CLANG_WARN_UNGUARDED_AVAILABILITY = YES_AGGRESSIVE;
				CLANG_WARN_UNREACHABLE_CODE = YES;
				CLANG_WARN__DUPLICATE_METHOD_MATCH = YES;
				COPY_PHASE_STRIP = NO;
				DEBUG_INFORMATION_FORMAT = "dwarf-with-dsym";
				ENABLE_NS_ASSERTIONS = NO;
				ENABLE_STRICT_OBJC_MSGSEND = YES;
				GCC_C_LANGUAGE_STANDARD = gnu11;
				GCC_NO_COMMON_BLOCKS = YES;
				GCC_WARN_64_TO_32_BIT_CONVERSION = YES;
				GCC_WARN_ABOUT_RETURN_TYPE = YES_ERROR;
				GCC_WARN_UNDECLARED_SELECTOR = YES;
				GCC_WARN_UNINITIALIZED_AUTOS = YES_AGGRESSIVE;
				GCC_WARN_UNUSED_FUNCTION = YES;
				GCC_WARN_UNUSED_VARIABLE = YES;
				MACOSX_DEPLOYMENT_TARGET = 11.3;
				MTL_ENABLE_DEBUG_INFO = NO;
				MTL_FAST_MATH = YES;
				SDKROOT = macosx;
				SWIFT_COMPILATION_MODE = wholemodule;
				SWIFT_OPTIMIZATION_LEVEL = "-O";
			};
			name = Release;
		};
		330371EB268E786100A92C33 /* Debug */ = {
			isa = XCBuildConfiguration;
			buildSettings = {
				CODE_SIGN_STYLE = Automatic;
				DEVELOPMENT_TEAM = 826UFXVDY8;
				ENABLE_HARDENED_RUNTIME = YES;
				PRODUCT_NAME = "$(TARGET_NAME)";
				SWIFT_VERSION = 5.0;
			};
			name = Debug;
		};
		330371EC268E786100A92C33 /* Release */ = {
			isa = XCBuildConfiguration;
			buildSettings = {
				CODE_SIGN_STYLE = Automatic;
				DEVELOPMENT_TEAM = 826UFXVDY8;
				ENABLE_HARDENED_RUNTIME = YES;
				PRODUCT_NAME = "$(TARGET_NAME)";
				SWIFT_VERSION = 5.0;
			};
			name = Release;
		};
/* End XCBuildConfiguration section */

/* Begin XCConfigurationList section */
		330371DE268E786100A92C33 /* Build configuration list for PBXProject "2021July" */ = {
			isa = XCConfigurationList;
			buildConfigurations = (
				330371E8268E786100A92C33 /* Debug */,
				330371E9268E786100A92C33 /* Release */,
			);
			defaultConfigurationIsVisible = 0;
			defaultConfigurationName = Release;
		};
		330371EA268E786100A92C33 /* Build configuration list for PBXNativeTarget "2021July" */ = {
			isa = XCConfigurationList;
			buildConfigurations = (
				330371EB268E786100A92C33 /* Debug */,
				330371EC268E786100A92C33 /* Release */,
			);
			defaultConfigurationIsVisible = 0;
			defaultConfigurationName = Release;
		};
/* End XCConfigurationList section */
	};
	rootObject = 330371DB268E786100A92C33 /* Project object */;
}
