// !$*UTF8*$!
{
	archiveVersion = 1;
	classes = {
	};
	objectVersion = 55;
	objects = {

/* Begin PBXBuildFile section */
		33356F34273D2B580011D4E3 /* Rounddecimals.swift in Sources */ = {isa = PBXBuildFile; fileRef = 33356F33273D2B580011D4E3 /* Rounddecimals.swift */; };
		33356F3C273DD6F90011D4E3 /* CountingArrays.swift in Sources */ = {isa = PBXBuildFile; fileRef = 33356F3B273DD6F90011D4E3 /* CountingArrays.swift */; };
		339628852745110A00092366 /* Rotate.swift in Sources */ = {isa = PBXBuildFile; fileRef = 339628842745110A00092366 /* Rotate.swift */; };
		33C24F552747318E006E7456 /* Orthogonality.swift in Sources */ = {isa = PBXBuildFile; fileRef = 33C24F542747318E006E7456 /* Orthogonality.swift */; };
		33C24F572748B335006E7456 /* RemoveIt.swift in Sources */ = {isa = PBXBuildFile; fileRef = 33C24F562748B335006E7456 /* RemoveIt.swift */; };
		33C61C3427432C2200A6FE7F /* SquareInequality.swift in Sources */ = {isa = PBXBuildFile; fileRef = 33C61C3327432C2200A6FE7F /* SquareInequality.swift */; };
		33CB0AD827409322007486D6 /* MartialArtist.swift in Sources */ = {isa = PBXBuildFile; fileRef = 33CB0AD727409322007486D6 /* MartialArtist.swift */; };
		C9EA7E83274A2C0900BFB8B4 /* OnandOff.swift in Sources */ = {isa = PBXBuildFile; fileRef = C9EA7E82274A2C0900BFB8B4 /* OnandOff.swift */; };
		C9EA7E85274B34B700BFB8B4 /* Magic3.swift in Sources */ = {isa = PBXBuildFile; fileRef = C9EA7E84274B34B700BFB8B4 /* Magic3.swift */; };
		C9EA7E87274CBBE900BFB8B4 /* HighestMountain.swift in Sources */ = {isa = PBXBuildFile; fileRef = C9EA7E86274CBBE900BFB8B4 /* HighestMountain.swift */; };
/* End PBXBuildFile section */

/* Begin PBXCopyFilesBuildPhase section */
		33356F2E273D2B580011D4E3 /* CopyFiles */ = {
			isa = PBXCopyFilesBuildPhase;
			buildActionMask = 2147483647;
			dstPath = /usr/share/man/man1/;
			dstSubfolderSpec = 0;
			files = (
			);
			runOnlyForDeploymentPostprocessing = 1;
		};
/* End PBXCopyFilesBuildPhase section */

/* Begin PBXFileReference section */
		33356F30273D2B580011D4E3 /* 2021Nov */ = {isa = PBXFileReference; explicitFileType = "compiled.mach-o.executable"; includeInIndex = 0; path = 2021Nov; sourceTree = BUILT_PRODUCTS_DIR; };
		33356F33273D2B580011D4E3 /* Rounddecimals.swift */ = {isa = PBXFileReference; lastKnownFileType = sourcecode.swift; path = Rounddecimals.swift; sourceTree = "<group>"; };
		33356F3B273DD6F90011D4E3 /* CountingArrays.swift */ = {isa = PBXFileReference; lastKnownFileType = sourcecode.swift; path = CountingArrays.swift; sourceTree = "<group>"; };
		339628842745110A00092366 /* Rotate.swift */ = {isa = PBXFileReference; lastKnownFileType = sourcecode.swift; path = Rotate.swift; sourceTree = "<group>"; };
		33C24F542747318E006E7456 /* Orthogonality.swift */ = {isa = PBXFileReference; lastKnownFileType = sourcecode.swift; path = Orthogonality.swift; sourceTree = "<group>"; };
		33C24F562748B335006E7456 /* RemoveIt.swift */ = {isa = PBXFileReference; lastKnownFileType = sourcecode.swift; path = RemoveIt.swift; sourceTree = "<group>"; };
		33C61C3327432C2200A6FE7F /* SquareInequality.swift */ = {isa = PBXFileReference; lastKnownFileType = sourcecode.swift; path = SquareInequality.swift; sourceTree = "<group>"; };
		33CB0AD727409322007486D6 /* MartialArtist.swift */ = {isa = PBXFileReference; lastKnownFileType = sourcecode.swift; path = MartialArtist.swift; sourceTree = "<group>"; };
		C9EA7E82274A2C0900BFB8B4 /* OnandOff.swift */ = {isa = PBXFileReference; lastKnownFileType = sourcecode.swift; path = OnandOff.swift; sourceTree = "<group>"; };
		C9EA7E84274B34B700BFB8B4 /* Magic3.swift */ = {isa = PBXFileReference; lastKnownFileType = sourcecode.swift; path = Magic3.swift; sourceTree = "<group>"; };
		C9EA7E86274CBBE900BFB8B4 /* HighestMountain.swift */ = {isa = PBXFileReference; lastKnownFileType = sourcecode.swift; path = HighestMountain.swift; sourceTree = "<group>"; };
/* End PBXFileReference section */

/* Begin PBXFrameworksBuildPhase section */
		33356F2D273D2B580011D4E3 /* Frameworks */ = {
			isa = PBXFrameworksBuildPhase;
			buildActionMask = 2147483647;
			files = (
			);
			runOnlyForDeploymentPostprocessing = 0;
		};
/* End PBXFrameworksBuildPhase section */

/* Begin PBXGroup section */
		33356F27273D2B580011D4E3 = {
			isa = PBXGroup;
			children = (
				33356F32273D2B580011D4E3 /* 2021Nov */,
				33356F31273D2B580011D4E3 /* Products */,
			);
			sourceTree = "<group>";
		};
		33356F31273D2B580011D4E3 /* Products */ = {
			isa = PBXGroup;
			children = (
				33356F30273D2B580011D4E3 /* 2021Nov */,
			);
			name = Products;
			sourceTree = "<group>";
		};
		33356F32273D2B580011D4E3 /* 2021Nov */ = {
			isa = PBXGroup;
			children = (
				33356F33273D2B580011D4E3 /* Rounddecimals.swift */,
				33356F3B273DD6F90011D4E3 /* CountingArrays.swift */,
				33CB0AD727409322007486D6 /* MartialArtist.swift */,
				33C61C3327432C2200A6FE7F /* SquareInequality.swift */,
				339628842745110A00092366 /* Rotate.swift */,
				33C24F542747318E006E7456 /* Orthogonality.swift */,
				33C24F562748B335006E7456 /* RemoveIt.swift */,
				C9EA7E82274A2C0900BFB8B4 /* OnandOff.swift */,
				C9EA7E84274B34B700BFB8B4 /* Magic3.swift */,
				C9EA7E86274CBBE900BFB8B4 /* HighestMountain.swift */,
			);
			path = 2021Nov;
			sourceTree = "<group>";
		};
/* End PBXGroup section */

/* Begin PBXNativeTarget section */
		33356F2F273D2B580011D4E3 /* 2021Nov */ = {
			isa = PBXNativeTarget;
			buildConfigurationList = 33356F37273D2B580011D4E3 /* Build configuration list for PBXNativeTarget "2021Nov" */;
			buildPhases = (
				33356F2C273D2B580011D4E3 /* Sources */,
				33356F2D273D2B580011D4E3 /* Frameworks */,
				33356F2E273D2B580011D4E3 /* CopyFiles */,
			);
			buildRules = (
			);
			dependencies = (
			);
			name = 2021Nov;
			productName = 2021Nov;
			productReference = 33356F30273D2B580011D4E3 /* 2021Nov */;
			productType = "com.apple.product-type.tool";
		};
/* End PBXNativeTarget section */

/* Begin PBXProject section */
		33356F28273D2B580011D4E3 /* Project object */ = {
			isa = PBXProject;
			attributes = {
				BuildIndependentTargetsInParallel = 1;
				LastSwiftUpdateCheck = 1310;
				LastUpgradeCheck = 1310;
				TargetAttributes = {
					33356F2F273D2B580011D4E3 = {
						CreatedOnToolsVersion = 13.1;
					};
				};
			};
			buildConfigurationList = 33356F2B273D2B580011D4E3 /* Build configuration list for PBXProject "2021Nov" */;
			compatibilityVersion = "Xcode 13.0";
			developmentRegion = en;
			hasScannedForEncodings = 0;
			knownRegions = (
				en,
				Base,
			);
			mainGroup = 33356F27273D2B580011D4E3;
			productRefGroup = 33356F31273D2B580011D4E3 /* Products */;
			projectDirPath = "";
			projectRoot = "";
			targets = (
				33356F2F273D2B580011D4E3 /* 2021Nov */,
			);
		};
/* End PBXProject section */

/* Begin PBXSourcesBuildPhase section */
		33356F2C273D2B580011D4E3 /* Sources */ = {
			isa = PBXSourcesBuildPhase;
			buildActionMask = 2147483647;
			files = (
				33CB0AD827409322007486D6 /* MartialArtist.swift in Sources */,
				C9EA7E87274CBBE900BFB8B4 /* HighestMountain.swift in Sources */,
				33C24F552747318E006E7456 /* Orthogonality.swift in Sources */,
				33C24F572748B335006E7456 /* RemoveIt.swift in Sources */,
				33356F3C273DD6F90011D4E3 /* CountingArrays.swift in Sources */,
				C9EA7E85274B34B700BFB8B4 /* Magic3.swift in Sources */,
				C9EA7E83274A2C0900BFB8B4 /* OnandOff.swift in Sources */,
				33356F34273D2B580011D4E3 /* Rounddecimals.swift in Sources */,
				339628852745110A00092366 /* Rotate.swift in Sources */,
				33C61C3427432C2200A6FE7F /* SquareInequality.swift in Sources */,
			);
			runOnlyForDeploymentPostprocessing = 0;
		};
/* End PBXSourcesBuildPhase section */

/* Begin XCBuildConfiguration section */
		33356F35273D2B580011D4E3 /* Debug */ = {
			isa = XCBuildConfiguration;
			buildSettings = {
				ALWAYS_SEARCH_USER_PATHS = NO;
				CLANG_ANALYZER_NONNULL = YES;
				CLANG_ANALYZER_NUMBER_OBJECT_CONVERSION = YES_AGGRESSIVE;
				CLANG_CXX_LANGUAGE_STANDARD = "gnu++17";
				CLANG_CXX_LIBRARY = "libc++";
				CLANG_ENABLE_MODULES = YES;
				CLANG_ENABLE_OBJC_ARC = YES;
				CLANG_ENABLE_OBJC_WEAK = YES;
				CLANG_WARN_BLOCK_CAPTURE_AUTORELEASING = YES;
				CLANG_WARN_BOOL_CONVERSION = YES;
				CLANG_WARN_COMMA = YES;
				CLANG_WARN_CONSTANT_CONVERSION = YES;
				CLANG_WARN_DEPRECATED_OBJC_IMPLEMENTATIONS = YES;
				CLANG_WARN_DIRECT_OBJC_ISA_USAGE = YES_ERROR;
				CLANG_WARN_DOCUMENTATION_COMMENTS = YES;
				CLANG_WARN_EMPTY_BODY = YES;
				CLANG_WARN_ENUM_CONVERSION = YES;
				CLANG_WARN_INFINITE_RECURSION = YES;
				CLANG_WARN_INT_CONVERSION = YES;
				CLANG_WARN_NON_LITERAL_NULL_CONVERSION = YES;
				CLANG_WARN_OBJC_IMPLICIT_RETAIN_SELF = YES;
				CLANG_WARN_OBJC_LITERAL_CONVERSION = YES;
				CLANG_WARN_OBJC_ROOT_CLASS = YES_ERROR;
				CLANG_WARN_QUOTED_INCLUDE_IN_FRAMEWORK_HEADER = YES;
				CLANG_WARN_RANGE_LOOP_ANALYSIS = YES;
				CLANG_WARN_STRICT_PROTOTYPES = YES;
				CLANG_WARN_SUSPICIOUS_MOVE = YES;
				CLANG_WARN_UNGUARDED_AVAILABILITY = YES_AGGRESSIVE;
				CLANG_WARN_UNREACHABLE_CODE = YES;
				CLANG_WARN__DUPLICATE_METHOD_MATCH = YES;
				COPY_PHASE_STRIP = NO;
				DEBUG_INFORMATION_FORMAT = dwarf;
				ENABLE_STRICT_OBJC_MSGSEND = YES;
				ENABLE_TESTABILITY = YES;
				GCC_C_LANGUAGE_STANDARD = gnu11;
				GCC_DYNAMIC_NO_PIC = NO;
				GCC_NO_COMMON_BLOCKS = YES;
				GCC_OPTIMIZATION_LEVEL = 0;
				GCC_PREPROCESSOR_DEFINITIONS = (
					"DEBUG=1",
					"$(inherited)",
				);
				GCC_WARN_64_TO_32_BIT_CONVERSION = YES;
				GCC_WARN_ABOUT_RETURN_TYPE = YES_ERROR;
				GCC_WARN_UNDECLARED_SELECTOR = YES;
				GCC_WARN_UNINITIALIZED_AUTOS = YES_AGGRESSIVE;
				GCC_WARN_UNUSED_FUNCTION = YES;
				GCC_WARN_UNUSED_VARIABLE = YES;
				MACOSX_DEPLOYMENT_TARGET = 11.0;
				MTL_ENABLE_DEBUG_INFO = INCLUDE_SOURCE;
				MTL_FAST_MATH = YES;
				ONLY_ACTIVE_ARCH = YES;
				SDKROOT = macosx;
				SWIFT_ACTIVE_COMPILATION_CONDITIONS = DEBUG;
				SWIFT_OPTIMIZATION_LEVEL = "-Onone";
			};
			name = Debug;
		};
		33356F36273D2B580011D4E3 /* Release */ = {
			isa = XCBuildConfiguration;
			buildSettings = {
				ALWAYS_SEARCH_USER_PATHS = NO;
				CLANG_ANALYZER_NONNULL = YES;
				CLANG_ANALYZER_NUMBER_OBJECT_CONVERSION = YES_AGGRESSIVE;
				CLANG_CXX_LANGUAGE_STANDARD = "gnu++17";
				CLANG_CXX_LIBRARY = "libc++";
				CLANG_ENABLE_MODULES = YES;
				CLANG_ENABLE_OBJC_ARC = YES;
				CLANG_ENABLE_OBJC_WEAK = YES;
				CLANG_WARN_BLOCK_CAPTURE_AUTORELEASING = YES;
				CLANG_WARN_BOOL_CONVERSION = YES;
				CLANG_WARN_COMMA = YES;
				CLANG_WARN_CONSTANT_CONVERSION = YES;
				CLANG_WARN_DEPRECATED_OBJC_IMPLEMENTATIONS = YES;
				CLANG_WARN_DIRECT_OBJC_ISA_USAGE = YES_ERROR;
				CLANG_WARN_DOCUMENTATION_COMMENTS = YES;
				CLANG_WARN_EMPTY_BODY = YES;
				CLANG_WARN_ENUM_CONVERSION = YES;
				CLANG_WARN_INFINITE_RECURSION = YES;
				CLANG_WARN_INT_CONVERSION = YES;
				CLANG_WARN_NON_LITERAL_NULL_CONVERSION = YES;
				CLANG_WARN_OBJC_IMPLICIT_RETAIN_SELF = YES;
				CLANG_WARN_OBJC_LITERAL_CONVERSION = YES;
				CLANG_WARN_OBJC_ROOT_CLASS = YES_ERROR;
				CLANG_WARN_QUOTED_INCLUDE_IN_FRAMEWORK_HEADER = YES;
				CLANG_WARN_RANGE_LOOP_ANALYSIS = YES;
				CLANG_WARN_STRICT_PROTOTYPES = YES;
				CLANG_WARN_SUSPICIOUS_MOVE = YES;
				CLANG_WARN_UNGUARDED_AVAILABILITY = YES_AGGRESSIVE;
				CLANG_WARN_UNREACHABLE_CODE = YES;
				CLANG_WARN__DUPLICATE_METHOD_MATCH = YES;
				COPY_PHASE_STRIP = NO;
				DEBUG_INFORMATION_FORMAT = "dwarf-with-dsym";
				ENABLE_NS_ASSERTIONS = NO;
				ENABLE_STRICT_OBJC_MSGSEND = YES;
				GCC_C_LANGUAGE_STANDARD = gnu11;
				GCC_NO_COMMON_BLOCKS = YES;
				GCC_WARN_64_TO_32_BIT_CONVERSION = YES;
				GCC_WARN_ABOUT_RETURN_TYPE = YES_ERROR;
				GCC_WARN_UNDECLARED_SELECTOR = YES;
				GCC_WARN_UNINITIALIZED_AUTOS = YES_AGGRESSIVE;
				GCC_WARN_UNUSED_FUNCTION = YES;
				GCC_WARN_UNUSED_VARIABLE = YES;
				MACOSX_DEPLOYMENT_TARGET = 11.0;
				MTL_ENABLE_DEBUG_INFO = NO;
				MTL_FAST_MATH = YES;
				SDKROOT = macosx;
				SWIFT_COMPILATION_MODE = wholemodule;
				SWIFT_OPTIMIZATION_LEVEL = "-O";
			};
			name = Release;
		};
		33356F38273D2B580011D4E3 /* Debug */ = {
			isa = XCBuildConfiguration;
			buildSettings = {
				CODE_SIGN_STYLE = Automatic;
				DEVELOPMENT_TEAM = 826UFXVDY8;
				ENABLE_HARDENED_RUNTIME = YES;
				MACOSX_DEPLOYMENT_TARGET = 11.0;
				PRODUCT_NAME = "$(TARGET_NAME)";
				SWIFT_VERSION = 5.0;
			};
			name = Debug;
		};
		33356F39273D2B580011D4E3 /* Release */ = {
			isa = XCBuildConfiguration;
			buildSettings = {
				CODE_SIGN_STYLE = Automatic;
				DEVELOPMENT_TEAM = 826UFXVDY8;
				ENABLE_HARDENED_RUNTIME = YES;
				MACOSX_DEPLOYMENT_TARGET = 11.0;
				PRODUCT_NAME = "$(TARGET_NAME)";
				SWIFT_VERSION = 5.0;
			};
			name = Release;
		};
/* End XCBuildConfiguration section */

/* Begin XCConfigurationList section */
		33356F2B273D2B580011D4E3 /* Build configuration list for PBXProject "2021Nov" */ = {
			isa = XCConfigurationList;
			buildConfigurations = (
				33356F35273D2B580011D4E3 /* Debug */,
				33356F36273D2B580011D4E3 /* Release */,
			);
			defaultConfigurationIsVisible = 0;
			defaultConfigurationName = Release;
		};
		33356F37273D2B580011D4E3 /* Build configuration list for PBXNativeTarget "2021Nov" */ = {
			isa = XCConfigurationList;
			buildConfigurations = (
				33356F38273D2B580011D4E3 /* Debug */,
				33356F39273D2B580011D4E3 /* Release */,
			);
			defaultConfigurationIsVisible = 0;
			defaultConfigurationName = Release;
		};
/* End XCConfigurationList section */
	};
	rootObject = 33356F28273D2B580011D4E3 /* Project object */;
}
